
Microsoft Visual Studio Solution File, Format Version 12.00
# Blend for Visual Studio Version 16
VisualStudioVersion = 16.0.30309.148
MinimumVisualStudioVersion = 10.0.40219.1
Project("{9A19103F-16F7-4668-BE54-9A1E7A4F7556}") = "xaphante-model-exporter-lib", "xaphante-model-exporter-lib\xaphante-model-exporter-lib.csproj", "{DED619A6-64DF-4689-A652-34B0B5EBD4D6}"
EndProject
Project("{9A19103F-16F7-4668-BE54-9A1E7A4F7556}") = "xaphante-model-exporter-interface", "xaphante-model-exporter-interface\xaphante-model-exporter-interface.csproj", "{C9441A21-39B1-42CF-8BD9-CCE1EFDED825}"
EndProject
Project("{8BC9CEB8-8B4A-11D0-8D11-00A0C91BC942}") = "xaphante-engine", "xaphante-engine\xaphante-engine.vcxproj", "{E09A62A8-2B61-4841-AE49-751AC92D5048}"
EndProject
Project("{FAE04EC0-301F-11D3-BF4B-00C04F79EFBC}") = "xaphante-scene-builder", "xaphante-scene-builder\xaphante-scene-builder.csproj", "{5CECB729-9A87-4BE0-BB22-EA57A7E50C62}"
EndProject
Project("{FAE04EC0-301F-11D3-BF4B-00C04F79EFBC}") = "xaphante-editor", "xaphante-editor\xaphante-editor.csproj", "{2130D2CE-4028-4F57-9A2C-99F6FE00FCD7}"
EndProject
Global
	GlobalSection(SolutionConfigurationPlatforms) = preSolution
		Debug|Any CPU = Debug|Any CPU
		Debug|x64 = Debug|x64
		Debug|x86 = Debug|x86
		Release|Any CPU = Release|Any CPU
		Release|x64 = Release|x64
		Release|x86 = Release|x86
	EndGlobalSection
	GlobalSection(ProjectConfigurationPlatforms) = postSolution
		{DED619A6-64DF-4689-A652-34B0B5EBD4D6}.Debug|Any CPU.ActiveCfg = Debug|Any CPU
		{DED619A6-64DF-4689-A652-34B0B5EBD4D6}.Debug|Any CPU.Build.0 = Debug|Any CPU
		{DED619A6-64DF-4689-A652-34B0B5EBD4D6}.Debug|x64.ActiveCfg = Debug|Any CPU
		{DED619A6-64DF-4689-A652-34B0B5EBD4D6}.Debug|x64.Build.0 = Debug|Any CPU
		{DED619A6-64DF-4689-A652-34B0B5EBD4D6}.Debug|x86.ActiveCfg = Debug|Any CPU
		{DED619A6-64DF-4689-A652-34B0B5EBD4D6}.Debug|x86.Build.0 = Debug|Any CPU
		{DED619A6-64DF-4689-A652-34B0B5EBD4D6}.Release|Any CPU.ActiveCfg = Release|Any CPU
		{DED619A6-64DF-4689-A652-34B0B5EBD4D6}.Release|Any CPU.Build.0 = Release|Any CPU
		{DED619A6-64DF-4689-A652-34B0B5EBD4D6}.Release|x64.ActiveCfg = Release|Any CPU
		{DED619A6-64DF-4689-A652-34B0B5EBD4D6}.Release|x64.Build.0 = Release|Any CPU
		{DED619A6-64DF-4689-A652-34B0B5EBD4D6}.Release|x86.ActiveCfg = Release|Any CPU
		{DED619A6-64DF-4689-A652-34B0B5EBD4D6}.Release|x86.Build.0 = Release|Any CPU
		{C9441A21-39B1-42CF-8BD9-CCE1EFDED825}.Debug|Any CPU.ActiveCfg = Debug|Any CPU
		{C9441A21-39B1-42CF-8BD9-CCE1EFDED825}.Debug|Any CPU.Build.0 = Debug|Any CPU
		{C9441A21-39B1-42CF-8BD9-CCE1EFDED825}.Debug|x64.ActiveCfg = Debug|Any CPU
		{C9441A21-39B1-42CF-8BD9-CCE1EFDED825}.Debug|x64.Build.0 = Debug|Any CPU
		{C9441A21-39B1-42CF-8BD9-CCE1EFDED825}.Debug|x86.ActiveCfg = Debug|Any CPU
		{C9441A21-39B1-42CF-8BD9-CCE1EFDED825}.Debug|x86.Build.0 = Debug|Any CPU
		{C9441A21-39B1-42CF-8BD9-CCE1EFDED825}.Release|Any CPU.ActiveCfg = Release|Any CPU
		{C9441A21-39B1-42CF-8BD9-CCE1EFDED825}.Release|Any CPU.Build.0 = Release|Any CPU
		{C9441A21-39B1-42CF-8BD9-CCE1EFDED825}.Release|x64.ActiveCfg = Release|Any CPU
		{C9441A21-39B1-42CF-8BD9-CCE1EFDED825}.Release|x64.Build.0 = Release|Any CPU
		{C9441A21-39B1-42CF-8BD9-CCE1EFDED825}.Release|x86.ActiveCfg = Release|Any CPU
		{C9441A21-39B1-42CF-8BD9-CCE1EFDED825}.Release|x86.Build.0 = Release|Any CPU
		{E09A62A8-2B61-4841-AE49-751AC92D5048}.Debug|Any CPU.ActiveCfg = Debug|Win32
		{E09A62A8-2B61-4841-AE49-751AC92D5048}.Debug|x64.ActiveCfg = Debug|x64
		{E09A62A8-2B61-4841-AE49-751AC92D5048}.Debug|x64.Build.0 = Debug|x64
		{E09A62A8-2B61-4841-AE49-751AC92D5048}.Debug|x86.ActiveCfg = Debug|Win32
		{E09A62A8-2B61-4841-AE49-751AC92D5048}.Debug|x86.Build.0 = Debug|Win32
		{E09A62A8-2B61-4841-AE49-751AC92D5048}.Release|Any CPU.ActiveCfg = Release|Win32
		{E09A62A8-2B61-4841-AE49-751AC92D5048}.Release|x64.ActiveCfg = Release|x64
		{E09A62A8-2B61-4841-AE49-751AC92D5048}.Release|x64.Build.0 = Release|x64
		{E09A62A8-2B61-4841-AE49-751AC92D5048}.Release|x86.ActiveCfg = Release|Win32
		{E09A62A8-2B61-4841-AE49-751AC92D5048}.Release|x86.Build.0 = Release|Win32
		{5CECB729-9A87-4BE0-BB22-EA57A7E50C62}.Debug|Any CPU.ActiveCfg = Debug|Any CPU
		{5CECB729-9A87-4BE0-BB22-EA57A7E50C62}.Debug|Any CPU.Build.0 = Debug|Any CPU
		{5CECB729-9A87-4BE0-BB22-EA57A7E50C62}.Debug|x64.ActiveCfg = Debug|Any CPU
		{5CECB729-9A87-4BE0-BB22-EA57A7E50C62}.Debug|x64.Build.0 = Debug|Any CPU
		{5CECB729-9A87-4BE0-BB22-EA57A7E50C62}.Debug|x86.ActiveCfg = Debug|Any CPU
		{5CECB729-9A87-4BE0-BB22-EA57A7E50C62}.Debug|x86.Build.0 = Debug|Any CPU
		{5CECB729-9A87-4BE0-BB22-EA57A7E50C62}.Release|Any CPU.ActiveCfg = Release|Any CPU
		{5CECB729-9A87-4BE0-BB22-EA57A7E50C62}.Release|Any CPU.Build.0 = Release|Any CPU
		{5CECB729-9A87-4BE0-BB22-EA57A7E50C62}.Release|x64.ActiveCfg = Release|Any CPU
		{5CECB729-9A87-4BE0-BB22-EA57A7E50C62}.Release|x64.Build.0 = Release|Any CPU
		{5CECB729-9A87-4BE0-BB22-EA57A7E50C62}.Release|x86.ActiveCfg = Release|Any CPU
		{5CECB729-9A87-4BE0-BB22-EA57A7E50C62}.Release|x86.Build.0 = Release|Any CPU
		{2130D2CE-4028-4F57-9A2C-99F6FE00FCD7}.Debug|Any CPU.ActiveCfg = Debug|Any CPU
		{2130D2CE-4028-4F57-9A2C-99F6FE00FCD7}.Debug|Any CPU.Build.0 = Debug|Any CPU
		{2130D2CE-4028-4F57-9A2C-99F6FE00FCD7}.Debug|x64.ActiveCfg = Debug|Any CPU
		{2130D2CE-4028-4F57-9A2C-99F6FE00FCD7}.Debug|x64.Build.0 = Debug|Any CPU
		{2130D2CE-4028-4F57-9A2C-99F6FE00FCD7}.Debug|x86.ActiveCfg = Debug|Any CPU
		{2130D2CE-4028-4F57-9A2C-99F6FE00FCD7}.Debug|x86.Build.0 = Debug|Any CPU
		{2130D2CE-4028-4F57-9A2C-99F6FE00FCD7}.Release|Any CPU.ActiveCfg = Release|Any CPU
		{2130D2CE-4028-4F57-9A2C-99F6FE00FCD7}.Release|Any CPU.Build.0 = Release|Any CPU
		{2130D2CE-4028-4F57-9A2C-99F6FE00FCD7}.Release|x64.ActiveCfg = Release|Any CPU
		{2130D2CE-4028-4F57-9A2C-99F6FE00FCD7}.Release|x64.Build.0 = Release|Any CPU
		{2130D2CE-4028-4F57-9A2C-99F6FE00FCD7}.Release|x86.ActiveCfg = Release|Any CPU
		{2130D2CE-4028-4F57-9A2C-99F6FE00FCD7}.Release|x86.Build.0 = Release|Any CPU
	EndGlobalSection
	GlobalSection(SolutionProperties) = preSolution
		HideSolutionNode = FALSE
	EndGlobalSection
	GlobalSection(ExtensibilityGlobals) = postSolution
		SolutionGuid = {C84C4426-B26E-4A95-9E78-5CAB59B393E5}
	EndGlobalSection
EndGlobal
